
Microsoft Visual Studio Solution File, Format Version 12.00
# Visual Studio Version 17
VisualStudioVersion = 17.2.32516.85
MinimumVisualStudioVersion = 10.0.40219.1
Project("{FAE04EC0-301F-11D3-BF4B-00C04F79EFBC}") = "huszonegy", "huszonegy\huszonegy.csproj", "{71BDD689-84D8-45B5-86B1-FD9FF7B3411F}"
EndProject
Global
	GlobalSection(SolutionConfigurationPlatforms) = preSolution
		Debug|Any CPU = Debug|Any CPU
		Release|Any CPU = Release|Any CPU
	EndGlobalSection
	GlobalSection(ProjectConfigurationPlatforms) = postSolution
		{71BDD689-84D8-45B5-86B1-FD9FF7B3411F}.Debug|Any CPU.ActiveCfg = Debug|Any CPU
		{71BDD689-84D8-45B5-86B1-FD9FF7B3411F}.Debug|Any CPU.Build.0 = Debug|Any CPU
		{71BDD689-84D8-45B5-86B1-FD9FF7B3411F}.Release|Any CPU.ActiveCfg = Release|Any CPU
		{71BDD689-84D8-45B5-86B1-FD9FF7B3411F}.Release|Any CPU.Build.0 = Release|Any CPU
	EndGlobalSection
	GlobalSection(SolutionProperties) = preSolution
		HideSolutionNode = FALSE
	EndGlobalSection
	GlobalSection(ExtensibilityGlobals) = postSolution
		SolutionGuid = {81FFC8B7-104A-46E5-BDFC-0A60B19FEC15}
	EndGlobalSection
EndGlobal
